{
  "requires": true,
  "lockfileVersion": 1,
  "dependencies": {
    "p-debounce": {
      "version": "2.1.0",
      "resolved": "https://registry.npmjs.org/p-debounce/-/p-debounce-2.1.0.tgz",
      "integrity": "sha512-M9bMt62TTnozdZhqFgs+V7XD2MnuKCaz+7fZdlu2/T7xruI3uIE5CicQ0vx1hV7HIUYF0jF+4/R1AgfOkl74Qw=="
    }
  }
}
